
Microsoft Visual Studio Solution File, Format Version 12.00
# Visual Studio 15
VisualStudioVersion = 15.0.27428.2043
MinimumVisualStudioVersion = 10.0.40219.1
Project("{FAE04EC0-301F-11D3-BF4B-00C04F79EFBC}") = "PSaics", "PSaics\PSaics.csproj", "{A370C0D2-AB5B-4FC8-BEEA-582C5AC7A028}"
EndProject
Global
	GlobalSection(SolutionConfigurationPlatforms) = preSolution
		Debug|Any CPU = Debug|Any CPU
		Release|Any CPU = Release|Any CPU
	EndGlobalSection
	GlobalSection(ProjectConfigurationPlatforms) = postSolution
		{A370C0D2-AB5B-4FC8-BEEA-582C5AC7A028}.Debug|Any CPU.ActiveCfg = Debug|Any CPU
		{A370C0D2-AB5B-4FC8-BEEA-582C5AC7A028}.Debug|Any CPU.Build.0 = Debug|Any CPU
		{A370C0D2-AB5B-4FC8-BEEA-582C5AC7A028}.Release|Any CPU.ActiveCfg = Release|Any CPU
		{A370C0D2-AB5B-4FC8-BEEA-582C5AC7A028}.Release|Any CPU.Build.0 = Release|Any CPU
	EndGlobalSection
	GlobalSection(SolutionProperties) = preSolution
		HideSolutionNode = FALSE
	EndGlobalSection
	GlobalSection(ExtensibilityGlobals) = postSolution
		SolutionGuid = {D5D223E9-9023-413C-B0EA-9BC71EC08D53}
	EndGlobalSection
EndGlobal
